
Microsoft Visual Studio Solution File, Format Version 12.00
# Visual Studio Version 16
VisualStudioVersion = 16.0.31702.278
MinimumVisualStudioVersion = 10.0.40219.1
Project("{FAE04EC0-301F-11D3-BF4B-00C04F79EFBC}") = "Ivanov_NP_Cloud_Clients", "Ivanov_NP_Cloud_Clients\Ivanov_NP_Cloud_Clients.csproj", "{685CA99E-32D5-4768-AE82-E033E0880F46}"
EndProject
Project("{2150E333-8FDC-42A3-9474-1A3956D46DE8}") = "Solution Items", "Solution Items", "{87EF38BE-EC4D-4433-8661-713ABA4CE981}"
	ProjectSection(SolutionItems) = preProject
		.editorconfig = .editorconfig
	EndProjectSection
EndProject
Global
	GlobalSection(SolutionConfigurationPlatforms) = preSolution
		Debug|Any CPU = Debug|Any CPU
		Release|Any CPU = Release|Any CPU
	EndGlobalSection
	GlobalSection(ProjectConfigurationPlatforms) = postSolution
		{685CA99E-32D5-4768-AE82-E033E0880F46}.Debug|Any CPU.ActiveCfg = Debug|Any CPU
		{685CA99E-32D5-4768-AE82-E033E0880F46}.Debug|Any CPU.Build.0 = Debug|Any CPU
		{685CA99E-32D5-4768-AE82-E033E0880F46}.Release|Any CPU.ActiveCfg = Release|Any CPU
		{685CA99E-32D5-4768-AE82-E033E0880F46}.Release|Any CPU.Build.0 = Release|Any CPU
	EndGlobalSection
	GlobalSection(SolutionProperties) = preSolution
		HideSolutionNode = FALSE
	EndGlobalSection
	GlobalSection(ExtensibilityGlobals) = postSolution
		SolutionGuid = {8B94CCE0-98D3-4AE5-A3B5-56652D46B6C8}
	EndGlobalSection
EndGlobal
